
Microsoft Visual Studio Solution File, Format Version 12.00
# Visual Studio Version 17
VisualStudioVersion = 17.9.34728.123
MinimumVisualStudioVersion = 10.0.40219.1
Project("{FAE04EC0-301F-11D3-BF4B-00C04F79EFBC}") = "ApplicationOne", "ApplicationOne.csproj", "{34005ED3-C077-498E-8E3B-39FD7B466DEE}"
EndProject
Global
	GlobalSection(SolutionConfigurationPlatforms) = preSolution
		Debug|Any CPU = Debug|Any CPU
		Release|Any CPU = Release|Any CPU
	EndGlobalSection
	GlobalSection(ProjectConfigurationPlatforms) = postSolution
		{34005ED3-C077-498E-8E3B-39FD7B466DEE}.Debug|Any CPU.ActiveCfg = Debug|Any CPU
		{34005ED3-C077-498E-8E3B-39FD7B466DEE}.Debug|Any CPU.Build.0 = Debug|Any CPU
		{34005ED3-C077-498E-8E3B-39FD7B466DEE}.Release|Any CPU.ActiveCfg = Release|Any CPU
		{34005ED3-C077-498E-8E3B-39FD7B466DEE}.Release|Any CPU.Build.0 = Release|Any CPU
	EndGlobalSection
	GlobalSection(SolutionProperties) = preSolution
		HideSolutionNode = FALSE
	EndGlobalSection
	GlobalSection(ExtensibilityGlobals) = postSolution
		SolutionGuid = {73668B21-F14A-4A13-8ED3-9FB754EA83C6}
	EndGlobalSection
EndGlobal
